
Microsoft Visual Studio Solution File, Format Version 12.00
# Visual Studio 15
VisualStudioVersion = 15.0.28010.2019
MinimumVisualStudioVersion = 10.0.40219.1
Project("{FAE04EC0-301F-11D3-BF4B-00C04F79EFBC}") = "Week3", "Week3\Week3.csproj", "{5A82434C-8AFB-4353-B97D-8872D6665227}"
EndProject
Global
	GlobalSection(SolutionConfigurationPlatforms) = preSolution
		Debug|Any CPU = Debug|Any CPU
		Release|Any CPU = Release|Any CPU
	EndGlobalSection
	GlobalSection(ProjectConfigurationPlatforms) = postSolution
		{5A82434C-8AFB-4353-B97D-8872D6665227}.Debug|Any CPU.ActiveCfg = Debug|Any CPU
		{5A82434C-8AFB-4353-B97D-8872D6665227}.Debug|Any CPU.Build.0 = Debug|Any CPU
		{5A82434C-8AFB-4353-B97D-8872D6665227}.Release|Any CPU.ActiveCfg = Release|Any CPU
		{5A82434C-8AFB-4353-B97D-8872D6665227}.Release|Any CPU.Build.0 = Release|Any CPU
	EndGlobalSection
	GlobalSection(SolutionProperties) = preSolution
		HideSolutionNode = FALSE
	EndGlobalSection
	GlobalSection(ExtensibilityGlobals) = postSolution
		SolutionGuid = {C8C583C4-F5BC-423F-BD1C-4DC05C68AF1C}
	EndGlobalSection
EndGlobal
